
Microsoft Visual Studio Solution File, Format Version 12.00
# Visual Studio Version 16
VisualStudioVersion = 16.0.30503.244
MinimumVisualStudioVersion = 10.0.40219.1
Project("{9A19103F-16F7-4668-BE54-9A1E7A4F7556}") = "amk_dyno", "amk_dyno.csproj", "{1B37F6DC-4D64-44B9-A2E0-836E0D529EE4}"
EndProject
Global
	GlobalSection(SolutionConfigurationPlatforms) = preSolution
		Debug|Any CPU = Debug|Any CPU
		Release|Any CPU = Release|Any CPU
	EndGlobalSection
	GlobalSection(ProjectConfigurationPlatforms) = postSolution
		{1B37F6DC-4D64-44B9-A2E0-836E0D529EE4}.Debug|Any CPU.ActiveCfg = Debug|Any CPU
		{1B37F6DC-4D64-44B9-A2E0-836E0D529EE4}.Debug|Any CPU.Build.0 = Debug|Any CPU
		{1B37F6DC-4D64-44B9-A2E0-836E0D529EE4}.Release|Any CPU.ActiveCfg = Release|Any CPU
		{1B37F6DC-4D64-44B9-A2E0-836E0D529EE4}.Release|Any CPU.Build.0 = Release|Any CPU
	EndGlobalSection
	GlobalSection(SolutionProperties) = preSolution
		HideSolutionNode = FALSE
	EndGlobalSection
	GlobalSection(ExtensibilityGlobals) = postSolution
		SolutionGuid = {E945D1FB-873B-41B6-A40F-17272885A4CB}
	EndGlobalSection
EndGlobal
