
Microsoft Visual Studio Solution File, Format Version 12.00
# Visual Studio Version 16
VisualStudioVersion = 16.0.30413.136
MinimumVisualStudioVersion = 10.0.40219.1
Project("{FAE04EC0-301F-11D3-BF4B-00C04F79EFBC}") = "amk_dyno", "amk_dyno.csproj", "{59BC1D1D-6D53-4C49-9AF0-CC21D02B65B0}"
EndProject
Global
	GlobalSection(SolutionConfigurationPlatforms) = preSolution
		Debug|Any CPU = Debug|Any CPU
		Release|Any CPU = Release|Any CPU
	EndGlobalSection
	GlobalSection(ProjectConfigurationPlatforms) = postSolution
		{59BC1D1D-6D53-4C49-9AF0-CC21D02B65B0}.Debug|Any CPU.ActiveCfg = Debug|Any CPU
		{59BC1D1D-6D53-4C49-9AF0-CC21D02B65B0}.Debug|Any CPU.Build.0 = Debug|Any CPU
		{59BC1D1D-6D53-4C49-9AF0-CC21D02B65B0}.Release|Any CPU.ActiveCfg = Release|Any CPU
		{59BC1D1D-6D53-4C49-9AF0-CC21D02B65B0}.Release|Any CPU.Build.0 = Release|Any CPU
	EndGlobalSection
	GlobalSection(SolutionProperties) = preSolution
		HideSolutionNode = FALSE
	EndGlobalSection
	GlobalSection(ExtensibilityGlobals) = postSolution
		SolutionGuid = {881CCEAD-C449-4956-95AE-30974A4925E4}
	EndGlobalSection
EndGlobal
